
Microsoft Visual Studio Solution File, Format Version 12.00
# Visual Studio Version 16
VisualStudioVersion = 16.0.31112.23
MinimumVisualStudioVersion = 10.0.40219.1
Project("{9A19103F-16F7-4668-BE54-9A1E7A4F7556}") = "ADO-Library", "ADO-Library\ADO-Library.csproj", "{59B4A60B-7AC8-4C95-8627-A83EA8B19842}"
EndProject
Global
	GlobalSection(SolutionConfigurationPlatforms) = preSolution
		Debug|Any CPU = Debug|Any CPU
		Release|Any CPU = Release|Any CPU
	EndGlobalSection
	GlobalSection(ProjectConfigurationPlatforms) = postSolution
		{59B4A60B-7AC8-4C95-8627-A83EA8B19842}.Debug|Any CPU.ActiveCfg = Debug|Any CPU
		{59B4A60B-7AC8-4C95-8627-A83EA8B19842}.Debug|Any CPU.Build.0 = Debug|Any CPU
		{59B4A60B-7AC8-4C95-8627-A83EA8B19842}.Release|Any CPU.ActiveCfg = Release|Any CPU
		{59B4A60B-7AC8-4C95-8627-A83EA8B19842}.Release|Any CPU.Build.0 = Release|Any CPU
	EndGlobalSection
	GlobalSection(SolutionProperties) = preSolution
		HideSolutionNode = FALSE
	EndGlobalSection
	GlobalSection(ExtensibilityGlobals) = postSolution
		SolutionGuid = {89425AD4-3880-44C9-B1CC-8AD571FFBAFD}
	EndGlobalSection
EndGlobal
